<?xml version="1.0" encoding="UTF-8" standalone="yes" ?>
<CodeBlocks_project_file>
	<FileVersion major="1" minor="6" />
	<Project>
		<Option title="WordleGame" />
		<Option pch_mode="2" />
		<Option compiler="gcc" />
		<Build>
			<Target title="Debug">
				<Option output="bin/Debug/WordleGame" prefix_auto="1" extension_auto="1" />
				<Option object_output="obj/Debug/" />
				<Option type="0" />
				<Option compiler="gcc" />
				<Compiler>
					<Add option="-g" />
					<Add directory="Library/include" />
				</Compiler>
				<Linker>
					<Add library="Library/lib/libsfml-graphics.a" />
					<Add library="Library/lib/libsfml-window.a" />
					<Add library="Library/lib/libsfml-system.a" />
					<Add library="Library/lib/libsfml-network.a" />
					<Add library="Library/lib/libsfml-main.a" />
					<Add library="Library/lib/libsfml-audio.a" />
					<Add library="Library/lib/libFLAC.a" />
					<Add library="Library/lib/libfreetype.a" />
					<Add library="Library/lib/libogg.a" />
					<Add library="Library/lib/libopenal32.a" />
					<Add library="Library/lib/libvorbis.a" />
					<Add library="Library/lib/libvorbisenc.a" />
					<Add library="Library/lib/libvorbisfile.a" />
				</Linker>
			</Target>
			<Target title="Release">
				<Option output="bin/Release/WordleGame" prefix_auto="1" extension_auto="1" />
				<Option object_output="obj/Release/" />
				<Option type="1" />
				<Option compiler="gcc" />
				<Compiler>
					<Add option="-O2" />
					<Add directory="Library/include" />
				</Compiler>
				<Linker>
					<Add option="-s" />
					<Add library="Library/lib/libsfml-graphics.a" />
					<Add library="Library/lib/libsfml-window.a" />
					<Add library="Library/lib/libsfml-system.a" />
					<Add library="Library/lib/libsfml-network.a" />
					<Add library="Library/lib/libsfml-main.a" />
					<Add library="Library/lib/libsfml-audio.a" />
					<Add library="Library/lib/libFLAC.a" />
					<Add library="Library/lib/libfreetype.a" />
					<Add library="Library/lib/libogg.a" />
					<Add library="Library/lib/libopenal32.a" />
					<Add library="Library/lib/libvorbis.a" />
					<Add library="Library/lib/libvorbisenc.a" />
					<Add library="Library/lib/libvorbisfile.a" />
				</Linker>
			</Target>
		</Build>
		<Compiler>
			<Add option="-Wall" />
			<Add option="-fexceptions" />
		</Compiler>
		<Unit filename="Source/Source.cpp" />
		<Unit filename="Source/booleans.h" />
		<Unit filename="Source/box.cpp" />
		<Unit filename="Source/box.h" />
		<Unit filename="Source/word.cpp" />
		<Unit filename="Source/word.h" />
		<Unit filename="Source/wordle.cpp" />
		<Unit filename="Source/wordle.h" />
		<Extensions>
			<lib_finder disable_auto="1" />
		</Extensions>
	</Project>
</CodeBlocks_project_file>
